
Microsoft Visual Studio Solution File, Format Version 12.00
# Visual Studio Version 17
VisualStudioVersion = 17.8.34511.84
MinimumVisualStudioVersion = 10.0.40219.1
Project("{9A19103F-16F7-4668-BE54-9A1E7A4F7556}") = "TenexCars", "TenexCars\TenexCars.csproj", "{1AF66C8E-7FC7-46BF-99E8-74C06FC45614}"
EndProject
Project("{9A19103F-16F7-4668-BE54-9A1E7A4F7556}") = "TenexCars.DataAccess", "TenexCars.DataAccess\TenexCars.DataAccess.csproj", "{4B687755-29DA-477B-A02F-62A33D5EB5B8}"
EndProject
Project("{2150E333-8FDC-42A3-9474-1A3956D46DE8}") = "Solution Items", "Solution Items", "{6110108C-E3D4-4BE5-90F1-0716224174C9}"
	ProjectSection(SolutionItems) = preProject
		.gitignore = .gitignore
	EndProjectSection
EndProject
Global
	GlobalSection(SolutionConfigurationPlatforms) = preSolution
		Debug|Any CPU = Debug|Any CPU
		Release|Any CPU = Release|Any CPU
	EndGlobalSection
	GlobalSection(ProjectConfigurationPlatforms) = postSolution
		{1AF66C8E-7FC7-46BF-99E8-74C06FC45614}.Debug|Any CPU.ActiveCfg = Debug|Any CPU
		{1AF66C8E-7FC7-46BF-99E8-74C06FC45614}.Debug|Any CPU.Build.0 = Debug|Any CPU
		{1AF66C8E-7FC7-46BF-99E8-74C06FC45614}.Release|Any CPU.ActiveCfg = Release|Any CPU
		{1AF66C8E-7FC7-46BF-99E8-74C06FC45614}.Release|Any CPU.Build.0 = Release|Any CPU
		{4B687755-29DA-477B-A02F-62A33D5EB5B8}.Debug|Any CPU.ActiveCfg = Debug|Any CPU
		{4B687755-29DA-477B-A02F-62A33D5EB5B8}.Debug|Any CPU.Build.0 = Debug|Any CPU
		{4B687755-29DA-477B-A02F-62A33D5EB5B8}.Release|Any CPU.ActiveCfg = Release|Any CPU
		{4B687755-29DA-477B-A02F-62A33D5EB5B8}.Release|Any CPU.Build.0 = Release|Any CPU
	EndGlobalSection
	GlobalSection(SolutionProperties) = preSolution
		HideSolutionNode = FALSE
	EndGlobalSection
	GlobalSection(ExtensibilityGlobals) = postSolution
		SolutionGuid = {94734599-79BA-48DD-B905-81E119829D00}
	EndGlobalSection
EndGlobal
